# This file is automatically @generated by Cargo.
# It is not intended for manual editing.
version = 3

[[package]]
name = "assignment1"
version = "0.1.0"

[[package]]
name = "assignment2"
version = "0.1.0"

[[package]]
name = "assignment3"
version = "0.1.0"

[[package]]
name = "capstone"
version = "0.1.0"

[[package]]
name = "shared"
version = "0.1.0"
